Microsoft Visual Studio Solution File, Format Version 12.00
# Visual Studio Version 17
VisualStudioVersion = 17.5.2.0
MinimumVisualStudioVersion = 10.0.40219.1
Project("{2150E333-8FDC-42A3-9474-1A3956D46DE8}") = "cms", "cms", "{A2FC2072-26D3-4358-3AD3-E963AA59AD12}"
EndProject
Project("{FAE04EC0-301F-11D3-BF4B-00C04F79EFBC}") = "umbraco-cms", "cms\umbraco-cms\umbraco-cms.csproj", "{C36FF722-17E7-4CFD-8A48-C2C05133D341}"
EndProject
Global
	GlobalSection(SolutionConfigurationPlatforms) = preSolution
		Debug|Any CPU = Debug|Any CPU
		Release|Any CPU = Release|Any CPU
	EndGlobalSection
	GlobalSection(ProjectConfigurationPlatforms) = postSolution
		{C36FF722-17E7-4CFD-8A48-C2C05133D341}.Debug|Any CPU.ActiveCfg = Debug|Any CPU
		{C36FF722-17E7-4CFD-8A48-C2C05133D341}.Debug|Any CPU.Build.0 = Debug|Any CPU
		{C36FF722-17E7-4CFD-8A48-C2C05133D341}.Release|Any CPU.ActiveCfg = Release|Any CPU
		{C36FF722-17E7-4CFD-8A48-C2C05133D341}.Release|Any CPU.Build.0 = Release|Any CPU
	EndGlobalSection
	GlobalSection(SolutionProperties) = preSolution
		HideSolutionNode = FALSE
	EndGlobalSection
	GlobalSection(NestedProjects) = preSolution
		{C36FF722-17E7-4CFD-8A48-C2C05133D341} = {A2FC2072-26D3-4358-3AD3-E963AA59AD12}
	EndGlobalSection
	GlobalSection(ExtensibilityGlobals) = postSolution
		SolutionGuid = {49554D64-A320-4E00-B69C-DEEBEA3EABD2}
	EndGlobalSection
EndGlobal
